
Microsoft Visual Studio Solution File, Format Version 12.00
# Visual Studio Version 17
VisualStudioVersion = 17.3.32922.545
MinimumVisualStudioVersion = 10.0.40219.1
Project("{9A19103F-16F7-4668-BE54-9A1E7A4F7556}") = "Day-1", "Day-1\Day-1.csproj", "{DCADBD4F-EB37-4753-9265-095C12EDDEB1}"
EndProject
Project("{FAE04EC0-301F-11D3-BF4B-00C04F79EFBC}") = "Day-2", "Day-2\Day-2.csproj", "{FF6F5265-61BE-4115-8149-3FAE8FFA665B}"
EndProject
Project("{FAE04EC0-301F-11D3-BF4B-00C04F79EFBC}") = "Day-3", "Day-3\Day-3.csproj", "{824310E8-42B0-48B0-92BC-AEEDF314970D}"
EndProject
Global
	GlobalSection(SolutionConfigurationPlatforms) = preSolution
		Debug|Any CPU = Debug|Any CPU
		Release|Any CPU = Release|Any CPU
	EndGlobalSection
	GlobalSection(ProjectConfigurationPlatforms) = postSolution
		{DCADBD4F-EB37-4753-9265-095C12EDDEB1}.Debug|Any CPU.ActiveCfg = Debug|Any CPU
		{DCADBD4F-EB37-4753-9265-095C12EDDEB1}.Debug|Any CPU.Build.0 = Debug|Any CPU
		{DCADBD4F-EB37-4753-9265-095C12EDDEB1}.Release|Any CPU.ActiveCfg = Release|Any CPU
		{DCADBD4F-EB37-4753-9265-095C12EDDEB1}.Release|Any CPU.Build.0 = Release|Any CPU
		{FF6F5265-61BE-4115-8149-3FAE8FFA665B}.Debug|Any CPU.ActiveCfg = Debug|Any CPU
		{FF6F5265-61BE-4115-8149-3FAE8FFA665B}.Debug|Any CPU.Build.0 = Debug|Any CPU
		{FF6F5265-61BE-4115-8149-3FAE8FFA665B}.Release|Any CPU.ActiveCfg = Release|Any CPU
		{FF6F5265-61BE-4115-8149-3FAE8FFA665B}.Release|Any CPU.Build.0 = Release|Any CPU
		{824310E8-42B0-48B0-92BC-AEEDF314970D}.Debug|Any CPU.ActiveCfg = Debug|Any CPU
		{824310E8-42B0-48B0-92BC-AEEDF314970D}.Debug|Any CPU.Build.0 = Debug|Any CPU
		{824310E8-42B0-48B0-92BC-AEEDF314970D}.Release|Any CPU.ActiveCfg = Release|Any CPU
		{824310E8-42B0-48B0-92BC-AEEDF314970D}.Release|Any CPU.Build.0 = Release|Any CPU
	EndGlobalSection
	GlobalSection(SolutionProperties) = preSolution
		HideSolutionNode = FALSE
	EndGlobalSection
	GlobalSection(ExtensibilityGlobals) = postSolution
		SolutionGuid = {E5B8DFA7-C317-4829-8DF0-79DC1086B832}
	EndGlobalSection
EndGlobal
